
Microsoft Visual Studio Solution File, Format Version 12.00
# Visual Studio 15
VisualStudioVersion = 15.0.27004.2008
MinimumVisualStudioVersion = 10.0.40219.1
Project("{FAE04EC0-301F-11D3-BF4B-00C04F79EFBC}") = "Telephonnist", "Telephonnist\Telephonnist.csproj", "{11521A61-6397-441D-A4C2-D86B4B8B8FA1}"
EndProject
Project("{FAE04EC0-301F-11D3-BF4B-00C04F79EFBC}") = "Server", "Server\Server.csproj", "{77EAB45E-30DE-42C3-AD2E-6C83DE1EC959}"
EndProject
Global
	GlobalSection(SolutionConfigurationPlatforms) = preSolution
		Debug|Any CPU = Debug|Any CPU
		Release|Any CPU = Release|Any CPU
	EndGlobalSection
	GlobalSection(ProjectConfigurationPlatforms) = postSolution
		{11521A61-6397-441D-A4C2-D86B4B8B8FA1}.Debug|Any CPU.ActiveCfg = Debug|Any CPU
		{11521A61-6397-441D-A4C2-D86B4B8B8FA1}.Debug|Any CPU.Build.0 = Debug|Any CPU
		{11521A61-6397-441D-A4C2-D86B4B8B8FA1}.Release|Any CPU.ActiveCfg = Release|Any CPU
		{11521A61-6397-441D-A4C2-D86B4B8B8FA1}.Release|Any CPU.Build.0 = Release|Any CPU
		{77EAB45E-30DE-42C3-AD2E-6C83DE1EC959}.Debug|Any CPU.ActiveCfg = Debug|Any CPU
		{77EAB45E-30DE-42C3-AD2E-6C83DE1EC959}.Debug|Any CPU.Build.0 = Debug|Any CPU
		{77EAB45E-30DE-42C3-AD2E-6C83DE1EC959}.Release|Any CPU.ActiveCfg = Release|Any CPU
		{77EAB45E-30DE-42C3-AD2E-6C83DE1EC959}.Release|Any CPU.Build.0 = Release|Any CPU
	EndGlobalSection
	GlobalSection(SolutionProperties) = preSolution
		HideSolutionNode = FALSE
	EndGlobalSection
	GlobalSection(ExtensibilityGlobals) = postSolution
		SolutionGuid = {5C82171F-A1F5-402F-8C7C-F2CAC4730F75}
	EndGlobalSection
EndGlobal
